// !$*UTF8*$!
{
	archiveVersion = 1;
	classes = {
	};
	objectVersion = 56;
	objects = {

/* Begin PBXBuildFile section */
		642EAF512CEA51F4002A5F96 /* Currency.swift in Sources */ = {isa = PBXBuildFile; fileRef = 642EAF502CEA51F4002A5F96 /* Currency.swift */; };
		642EAF532CEA5289002A5F96 /* ExchangeRate.swift in Sources */ = {isa = PBXBuildFile; fileRef = 642EAF522CEA5289002A5F96 /* ExchangeRate.swift */; };
		642EAF552CEA52E0002A5F96 /* ConversionHistory.swift in Sources */ = {isa = PBXBuildFile; fileRef = 642EAF542CEA52E0002A5F96 /* ConversionHistory.swift */; };
		642EAF572CEA558E002A5F96 /* AppState.swift in Sources */ = {isa = PBXBuildFile; fileRef = 642EAF562CEA558E002A5F96 /* AppState.swift */; };
		644263F52CEA4AEE00041E0C /* CurrencyConverterAppApp.swift in Sources */ = {isa = PBXBuildFile; fileRef = 644263F42CEA4AEE00041E0C /* CurrencyConverterAppApp.swift */; };
		644263F72CEA4AEE00041E0C /* ContentView.swift in Sources */ = {isa = PBXBuildFile; fileRef = 644263F62CEA4AEE00041E0C /* ContentView.swift */; };
		644263F92CEA4AF000041E0C /* Assets.xcassets in Resources */ = {isa = PBXBuildFile; fileRef = 644263F82CEA4AF000041E0C /* Assets.xcassets */; };
		644263FC2CEA4AF000041E0C /* Preview Assets.xcassets in Resources */ = {isa = PBXBuildFile; fileRef = 644263FB2CEA4AF000041E0C /* Preview Assets.xcassets */; };
		646461B72CEB0F11005E157F /* NetworkServiceTests.swift in Sources */ = {isa = PBXBuildFile; fileRef = 646461B62CEB0F11005E157F /* NetworkServiceTests.swift */; };
		646461BE2CEB1AC0005E157F /* PersistenceService.swift in Sources */ = {isa = PBXBuildFile; fileRef = 646461BD2CEB1AC0005E157F /* PersistenceService.swift */; };
		646461C22CEB1E63005E157F /* CurrencyConverterView.swift in Sources */ = {isa = PBXBuildFile; fileRef = 646461C12CEB1E63005E157F /* CurrencyConverterView.swift */; };
		646461C52CEB2002005E157F /* HistoryView.swift in Sources */ = {isa = PBXBuildFile; fileRef = 646461C42CEB2002005E157F /* HistoryView.swift */; };
		646461C72CEB208E005E157F /* NumberButton.swift in Sources */ = {isa = PBXBuildFile; fileRef = 646461C62CEB208E005E157F /* NumberButton.swift */; };
		646461CA2CEB2B89005E157F /* CurrencyConverterViewModel.swift in Sources */ = {isa = PBXBuildFile; fileRef = 646461C92CEB2B89005E157F /* CurrencyConverterViewModel.swift */; };
		6486BD212CEDEDB7008C1A22 /* CachedRate.swift in Sources */ = {isa = PBXBuildFile; fileRef = 6486BD202CEDEDB7008C1A22 /* CachedRate.swift */; };
		64D9B63E2CEA600B001E52BD /* Constants.swift in Sources */ = {isa = PBXBuildFile; fileRef = 64D9B63D2CEA600B001E52BD /* Constants.swift */; };
		64D9B6402CEA6128001E52BD /* DoubleExtensions.swift in Sources */ = {isa = PBXBuildFile; fileRef = 64D9B63F2CEA6128001E52BD /* DoubleExtensions.swift */; };
		64D9B6422CEA6480001E52BD /* NetworkService.swift in Sources */ = {isa = PBXBuildFile; fileRef = 64D9B6412CEA6480001E52BD /* NetworkService.swift */; };
/* End PBXBuildFile section */

/* Begin PBXContainerItemProxy section */
		646461AB2CEB0ED2005E157F /* PBXContainerItemProxy */ = {
			isa = PBXContainerItemProxy;
			containerPortal = 644263E92CEA4AEE00041E0C /* Project object */;
			proxyType = 1;
			remoteGlobalIDString = 644263F02CEA4AEE00041E0C;
			remoteInfo = CurrencyConverterApp;
		};
		646461B82CEB0F11005E157F /* PBXContainerItemProxy */ = {
			isa = PBXContainerItemProxy;
			containerPortal = 644263E92CEA4AEE00041E0C /* Project object */;
			proxyType = 1;
			remoteGlobalIDString = 644263F02CEA4AEE00041E0C;
			remoteInfo = CurrencyConverterApp;
		};
/* End PBXContainerItemProxy section */

/* Begin PBXFileReference section */
		642EAF502CEA51F4002A5F96 /* Currency.swift */ = {isa = PBXFileReference; lastKnownFileType = sourcecode.swift; path = Currency.swift; sourceTree = "<group>"; };
		642EAF522CEA5289002A5F96 /* ExchangeRate.swift */ = {isa = PBXFileReference; lastKnownFileType = sourcecode.swift; path = ExchangeRate.swift; sourceTree = "<group>"; };
		642EAF542CEA52E0002A5F96 /* ConversionHistory.swift */ = {isa = PBXFileReference; lastKnownFileType = sourcecode.swift; path = ConversionHistory.swift; sourceTree = "<group>"; };
		642EAF562CEA558E002A5F96 /* AppState.swift */ = {isa = PBXFileReference; lastKnownFileType = sourcecode.swift; path = AppState.swift; sourceTree = "<group>"; };
		644263F12CEA4AEE00041E0C /* CurrencyConverterApp.app */ = {isa = PBXFileReference; explicitFileType = wrapper.application; includeInIndex = 0; path = CurrencyConverterApp.app; sourceTree = BUILT_PRODUCTS_DIR; };
		644263F42CEA4AEE00041E0C /* CurrencyConverterAppApp.swift */ = {isa = PBXFileReference; lastKnownFileType = sourcecode.swift; path = CurrencyConverterAppApp.swift; sourceTree = "<group>"; };
		644263F62CEA4AEE00041E0C /* ContentView.swift */ = {isa = PBXFileReference; lastKnownFileType = sourcecode.swift; path = ContentView.swift; sourceTree = "<group>"; };
		644263F82CEA4AF000041E0C /* Assets.xcassets */ = {isa = PBXFileReference; lastKnownFileType = folder.assetcatalog; path = Assets.xcassets; sourceTree = "<group>"; };
		644263FB2CEA4AF000041E0C /* Preview Assets.xcassets */ = {isa = PBXFileReference; lastKnownFileType = folder.assetcatalog; path = "Preview Assets.xcassets"; sourceTree = "<group>"; };
		646461A72CEB0ED2005E157F /* CurrencyConverterAppTests.xctest */ = {isa = PBXFileReference; explicitFileType = wrapper.cfbundle; includeInIndex = 0; path = CurrencyConverterAppTests.xctest; sourceTree = BUILT_PRODUCTS_DIR; };
		646461B42CEB0F11005E157F /* NetworkServiceTests.xctest */ = {isa = PBXFileReference; explicitFileType = wrapper.cfbundle; includeInIndex = 0; path = NetworkServiceTests.xctest; sourceTree = BUILT_PRODUCTS_DIR; };
		646461B62CEB0F11005E157F /* NetworkServiceTests.swift */ = {isa = PBXFileReference; lastKnownFileType = sourcecode.swift; path = NetworkServiceTests.swift; sourceTree = "<group>"; };
		646461BD2CEB1AC0005E157F /* PersistenceService.swift */ = {isa = PBXFileReference; lastKnownFileType = sourcecode.swift; path = PersistenceService.swift; sourceTree = "<group>"; };
		646461C12CEB1E63005E157F /* CurrencyConverterView.swift */ = {isa = PBXFileReference; lastKnownFileType = sourcecode.swift; path = CurrencyConverterView.swift; sourceTree = "<group>"; };
		646461C42CEB2002005E157F /* HistoryView.swift */ = {isa = PBXFileReference; lastKnownFileType = sourcecode.swift; path = HistoryView.swift; sourceTree = "<group>"; };
		646461C62CEB208E005E157F /* NumberButton.swift */ = {isa = PBXFileReference; lastKnownFileType = sourcecode.swift; path = NumberButton.swift; sourceTree = "<group>"; };
		646461C92CEB2B89005E157F /* CurrencyConverterViewModel.swift */ = {isa = PBXFileReference; lastKnownFileType = sourcecode.swift; path = CurrencyConverterViewModel.swift; sourceTree = "<group>"; };
		6486BD202CEDEDB7008C1A22 /* CachedRate.swift */ = {isa = PBXFileReference; lastKnownFileType = sourcecode.swift; path = CachedRate.swift; sourceTree = "<group>"; };
		64D9B63D2CEA600B001E52BD /* Constants.swift */ = {isa = PBXFileReference; lastKnownFileType = sourcecode.swift; path = Constants.swift; sourceTree = "<group>"; };
		64D9B63F2CEA6128001E52BD /* DoubleExtensions.swift */ = {isa = PBXFileReference; lastKnownFileType = sourcecode.swift; path = DoubleExtensions.swift; sourceTree = "<group>"; };
		64D9B6412CEA6480001E52BD /* NetworkService.swift */ = {isa = PBXFileReference; lastKnownFileType = sourcecode.swift; path = NetworkService.swift; sourceTree = "<group>"; };
/* End PBXFileReference section */

/* Begin PBXFrameworksBuildPhase section */
		644263EE2CEA4AEE00041E0C /* Frameworks */ = {
			isa = PBXFrameworksBuildPhase;
			buildActionMask = 2147483647;
			files = (
			);
			runOnlyForDeploymentPostprocessing = 0;
		};
		646461A42CEB0ED2005E157F /* Frameworks */ = {
			isa = PBXFrameworksBuildPhase;
			buildActionMask = 2147483647;
			files = (
			);
			runOnlyForDeploymentPostprocessing = 0;
		};
		646461B12CEB0F11005E157F /* Frameworks */ = {
			isa = PBXFrameworksBuildPhase;
			buildActionMask = 2147483647;
			files = (
			);
			runOnlyForDeploymentPostprocessing = 0;
		};
/* End PBXFrameworksBuildPhase section */

/* Begin PBXGroup section */
		642EAF4F2CEA51E1002A5F96 /* models */ = {
			isa = PBXGroup;
			children = (
				642EAF502CEA51F4002A5F96 /* Currency.swift */,
				642EAF522CEA5289002A5F96 /* ExchangeRate.swift */,
				642EAF542CEA52E0002A5F96 /* ConversionHistory.swift */,
				642EAF562CEA558E002A5F96 /* AppState.swift */,
				6486BD202CEDEDB7008C1A22 /* CachedRate.swift */,
			);
			path = models;
			sourceTree = "<group>";
		};
		644263E82CEA4AEE00041E0C = {
			isa = PBXGroup;
			children = (
				644263F32CEA4AEE00041E0C /* CurrencyConverterApp */,
				646461B52CEB0F11005E157F /* NetworkServiceTests */,
				644263F22CEA4AEE00041E0C /* Products */,
			);
			sourceTree = "<group>";
		};
		644263F22CEA4AEE00041E0C /* Products */ = {
			isa = PBXGroup;
			children = (
				644263F12CEA4AEE00041E0C /* CurrencyConverterApp.app */,
				646461A72CEB0ED2005E157F /* CurrencyConverterAppTests.xctest */,
				646461B42CEB0F11005E157F /* NetworkServiceTests.xctest */,
			);
			name = Products;
			sourceTree = "<group>";
		};
		644263F32CEA4AEE00041E0C /* CurrencyConverterApp */ = {
			isa = PBXGroup;
			children = (
				646461C82CEB2B72005E157F /* viewModels */,
				646461BF2CEB1C5D005E157F /* views */,
				64D9B63C2CEA5FFC001E52BD /* utils */,
				64D9B63B2CEA5FF4001E52BD /* service */,
				642EAF4F2CEA51E1002A5F96 /* models */,
				644263F42CEA4AEE00041E0C /* CurrencyConverterAppApp.swift */,
				644263F62CEA4AEE00041E0C /* ContentView.swift */,
				644263F82CEA4AF000041E0C /* Assets.xcassets */,
				644263FA2CEA4AF000041E0C /* Preview Content */,
			);
			path = CurrencyConverterApp;
			sourceTree = "<group>";
		};
		644263FA2CEA4AF000041E0C /* Preview Content */ = {
			isa = PBXGroup;
			children = (
				644263FB2CEA4AF000041E0C /* Preview Assets.xcassets */,
			);
			path = "Preview Content";
			sourceTree = "<group>";
		};
		646461B52CEB0F11005E157F /* NetworkServiceTests */ = {
			isa = PBXGroup;
			children = (
				646461B62CEB0F11005E157F /* NetworkServiceTests.swift */,
			);
			path = NetworkServiceTests;
			sourceTree = "<group>";
		};
		646461BF2CEB1C5D005E157F /* views */ = {
			isa = PBXGroup;
			children = (
				646461C32CEB1FF5005E157F /* components */,
				646461C12CEB1E63005E157F /* CurrencyConverterView.swift */,
				646461C42CEB2002005E157F /* HistoryView.swift */,
			);
			path = views;
			sourceTree = "<group>";
		};
		646461C32CEB1FF5005E157F /* components */ = {
			isa = PBXGroup;
			children = (
				646461C62CEB208E005E157F /* NumberButton.swift */,
			);
			path = components;
			sourceTree = "<group>";
		};
		646461C82CEB2B72005E157F /* viewModels */ = {
			isa = PBXGroup;
			children = (
				646461C92CEB2B89005E157F /* CurrencyConverterViewModel.swift */,
			);
			path = viewModels;
			sourceTree = "<group>";
		};
		64D9B63B2CEA5FF4001E52BD /* service */ = {
			isa = PBXGroup;
			children = (
				64D9B6412CEA6480001E52BD /* NetworkService.swift */,
				646461BD2CEB1AC0005E157F /* PersistenceService.swift */,
			);
			path = service;
			sourceTree = "<group>";
		};
		64D9B63C2CEA5FFC001E52BD /* utils */ = {
			isa = PBXGroup;
			children = (
				64D9B63D2CEA600B001E52BD /* Constants.swift */,
				64D9B63F2CEA6128001E52BD /* DoubleExtensions.swift */,
			);
			path = utils;
			sourceTree = "<group>";
		};
/* End PBXGroup section */

/* Begin PBXNativeTarget section */
		644263F02CEA4AEE00041E0C /* CurrencyConverterApp */ = {
			isa = PBXNativeTarget;
			buildConfigurationList = 644263FF2CEA4AF000041E0C /* Build configuration list for PBXNativeTarget "CurrencyConverterApp" */;
			buildPhases = (
				644263ED2CEA4AEE00041E0C /* Sources */,
				644263EE2CEA4AEE00041E0C /* Frameworks */,
				644263EF2CEA4AEE00041E0C /* Resources */,
			);
			buildRules = (
			);
			dependencies = (
			);
			name = CurrencyConverterApp;
			productName = CurrencyConverterApp;
			productReference = 644263F12CEA4AEE00041E0C /* CurrencyConverterApp.app */;
			productType = "com.apple.product-type.application";
		};
		646461A62CEB0ED2005E157F /* CurrencyConverterAppTests */ = {
			isa = PBXNativeTarget;
			buildConfigurationList = 646461AF2CEB0ED2005E157F /* Build configuration list for PBXNativeTarget "CurrencyConverterAppTests" */;
			buildPhases = (
				646461A32CEB0ED2005E157F /* Sources */,
				646461A42CEB0ED2005E157F /* Frameworks */,
				646461A52CEB0ED2005E157F /* Resources */,
			);
			buildRules = (
			);
			dependencies = (
				646461AC2CEB0ED2005E157F /* PBXTargetDependency */,
			);
			name = CurrencyConverterAppTests;
			productName = CurrencyConverterAppTests;
			productReference = 646461A72CEB0ED2005E157F /* CurrencyConverterAppTests.xctest */;
			productType = "com.apple.product-type.bundle.unit-test";
		};
		646461B32CEB0F11005E157F /* NetworkServiceTests */ = {
			isa = PBXNativeTarget;
			buildConfigurationList = 646461BA2CEB0F11005E157F /* Build configuration list for PBXNativeTarget "NetworkServiceTests" */;
			buildPhases = (
				646461B02CEB0F11005E157F /* Sources */,
				646461B12CEB0F11005E157F /* Frameworks */,
				646461B22CEB0F11005E157F /* Resources */,
			);
			buildRules = (
			);
			dependencies = (
				646461B92CEB0F11005E157F /* PBXTargetDependency */,
			);
			name = NetworkServiceTests;
			productName = NetworkServiceTests;
			productReference = 646461B42CEB0F11005E157F /* NetworkServiceTests.xctest */;
			productType = "com.apple.product-type.bundle.unit-test";
		};
/* End PBXNativeTarget section */

/* Begin PBXProject section */
		644263E92CEA4AEE00041E0C /* Project object */ = {
			isa = PBXProject;
			attributes = {
				BuildIndependentTargetsInParallel = 1;
				LastSwiftUpdateCheck = 1540;
				LastUpgradeCheck = 1540;
				TargetAttributes = {
					644263F02CEA4AEE00041E0C = {
						CreatedOnToolsVersion = 15.4;
					};
					646461A62CEB0ED2005E157F = {
						CreatedOnToolsVersion = 15.4;
						TestTargetID = 644263F02CEA4AEE00041E0C;
					};
					646461B32CEB0F11005E157F = {
						CreatedOnToolsVersion = 15.4;
						TestTargetID = 644263F02CEA4AEE00041E0C;
					};
				};
			};
			buildConfigurationList = 644263EC2CEA4AEE00041E0C /* Build configuration list for PBXProject "CurrencyConverterApp" */;
			compatibilityVersion = "Xcode 14.0";
			developmentRegion = en;
			hasScannedForEncodings = 0;
			knownRegions = (
				en,
				Base,
			);
			mainGroup = 644263E82CEA4AEE00041E0C;
			productRefGroup = 644263F22CEA4AEE00041E0C /* Products */;
			projectDirPath = "";
			projectRoot = "";
			targets = (
				644263F02CEA4AEE00041E0C /* CurrencyConverterApp */,
				646461A62CEB0ED2005E157F /* CurrencyConverterAppTests */,
				646461B32CEB0F11005E157F /* NetworkServiceTests */,
			);
		};
/* End PBXProject section */

/* Begin PBXResourcesBuildPhase section */
		644263EF2CEA4AEE00041E0C /* Resources */ = {
			isa = PBXResourcesBuildPhase;
			buildActionMask = 2147483647;
			files = (
				644263FC2CEA4AF000041E0C /* Preview Assets.xcassets in Resources */,
				644263F92CEA4AF000041E0C /* Assets.xcassets in Resources */,
			);
			runOnlyForDeploymentPostprocessing = 0;
		};
		646461A52CEB0ED2005E157F /* Resources */ = {
			isa = PBXResourcesBuildPhase;
			buildActionMask = 2147483647;
			files = (
			);
			runOnlyForDeploymentPostprocessing = 0;
		};
		646461B22CEB0F11005E157F /* Resources */ = {
			isa = PBXResourcesBuildPhase;
			buildActionMask = 2147483647;
			files = (
			);
			runOnlyForDeploymentPostprocessing = 0;
		};
/* End PBXResourcesBuildPhase section */

/* Begin PBXSourcesBuildPhase section */
		644263ED2CEA4AEE00041E0C /* Sources */ = {
			isa = PBXSourcesBuildPhase;
			buildActionMask = 2147483647;
			files = (
				642EAF532CEA5289002A5F96 /* ExchangeRate.swift in Sources */,
				646461C72CEB208E005E157F /* NumberButton.swift in Sources */,
				646461C52CEB2002005E157F /* HistoryView.swift in Sources */,
				642EAF512CEA51F4002A5F96 /* Currency.swift in Sources */,
				646461C22CEB1E63005E157F /* CurrencyConverterView.swift in Sources */,
				642EAF552CEA52E0002A5F96 /* ConversionHistory.swift in Sources */,
				642EAF572CEA558E002A5F96 /* AppState.swift in Sources */,
				64D9B6422CEA6480001E52BD /* NetworkService.swift in Sources */,
				646461CA2CEB2B89005E157F /* CurrencyConverterViewModel.swift in Sources */,
				6486BD212CEDEDB7008C1A22 /* CachedRate.swift in Sources */,
				646461BE2CEB1AC0005E157F /* PersistenceService.swift in Sources */,
				64D9B6402CEA6128001E52BD /* DoubleExtensions.swift in Sources */,
				64D9B63E2CEA600B001E52BD /* Constants.swift in Sources */,
				644263F72CEA4AEE00041E0C /* ContentView.swift in Sources */,
				644263F52CEA4AEE00041E0C /* CurrencyConverterAppApp.swift in Sources */,
			);
			runOnlyForDeploymentPostprocessing = 0;
		};
		646461A32CEB0ED2005E157F /* Sources */ = {
			isa = PBXSourcesBuildPhase;
			buildActionMask = 2147483647;
			files = (
			);
			runOnlyForDeploymentPostprocessing = 0;
		};
		646461B02CEB0F11005E157F /* Sources */ = {
			isa = PBXSourcesBuildPhase;
			buildActionMask = 2147483647;
			files = (
				646461B72CEB0F11005E157F /* NetworkServiceTests.swift in Sources */,
			);
			runOnlyForDeploymentPostprocessing = 0;
		};
/* End PBXSourcesBuildPhase section */

/* Begin PBXTargetDependency section */
		646461AC2CEB0ED2005E157F /* PBXTargetDependency */ = {
			isa = PBXTargetDependency;
			target = 644263F02CEA4AEE00041E0C /* CurrencyConverterApp */;
			targetProxy = 646461AB2CEB0ED2005E157F /* PBXContainerItemProxy */;
		};
		646461B92CEB0F11005E157F /* PBXTargetDependency */ = {
			isa = PBXTargetDependency;
			target = 644263F02CEA4AEE00041E0C /* CurrencyConverterApp */;
			targetProxy = 646461B82CEB0F11005E157F /* PBXContainerItemProxy */;
		};
/* End PBXTargetDependency section */

/* Begin XCBuildConfiguration section */
		644263FD2CEA4AF000041E0C /* Debug */ = {
			isa = XCBuildConfiguration;
			buildSettings = {
				ALWAYS_SEARCH_USER_PATHS = NO;
				ASSETCATALOG_COMPILER_GENERATE_SWIFT_ASSET_SYMBOL_EXTENSIONS = YES;
				CLANG_ANALYZER_NONNULL = YES;
				CLANG_ANALYZER_NUMBER_OBJECT_CONVERSION = YES_AGGRESSIVE;
				CLANG_CXX_LANGUAGE_STANDARD = "gnu++20";
				CLANG_ENABLE_MODULES = YES;
				CLANG_ENABLE_OBJC_ARC = YES;
				CLANG_ENABLE_OBJC_WEAK = YES;
				CLANG_WARN_BLOCK_CAPTURE_AUTORELEASING = YES;
				CLANG_WARN_BOOL_CONVERSION = YES;
				CLANG_WARN_COMMA = YES;
				CLANG_WARN_CONSTANT_CONVERSION = YES;
				CLANG_WARN_DEPRECATED_OBJC_IMPLEMENTATIONS = YES;
				CLANG_WARN_DIRECT_OBJC_ISA_USAGE = YES_ERROR;
				CLANG_WARN_DOCUMENTATION_COMMENTS = YES;
				CLANG_WARN_EMPTY_BODY = YES;
				CLANG_WARN_ENUM_CONVERSION = YES;
				CLANG_WARN_INFINITE_RECURSION = YES;
				CLANG_WARN_INT_CONVERSION = YES;
				CLANG_WARN_NON_LITERAL_NULL_CONVERSION = YES;
				CLANG_WARN_OBJC_IMPLICIT_RETAIN_SELF = YES;
				CLANG_WARN_OBJC_LITERAL_CONVERSION = YES;
				CLANG_WARN_OBJC_ROOT_CLASS = YES_ERROR;
				CLANG_WARN_QUOTED_INCLUDE_IN_FRAMEWORK_HEADER = YES;
				CLANG_WARN_RANGE_LOOP_ANALYSIS = YES;
				CLANG_WARN_STRICT_PROTOTYPES = YES;
				CLANG_WARN_SUSPICIOUS_MOVE = YES;
				CLANG_WARN_UNGUARDED_AVAILABILITY = YES_AGGRESSIVE;
				CLANG_WARN_UNREACHABLE_CODE = YES;
				CLANG_WARN__DUPLICATE_METHOD_MATCH = YES;
				COPY_PHASE_STRIP = NO;
				DEBUG_INFORMATION_FORMAT = dwarf;
				ENABLE_STRICT_OBJC_MSGSEND = YES;
				ENABLE_TESTABILITY = YES;
				ENABLE_USER_SCRIPT_SANDBOXING = YES;
				GCC_C_LANGUAGE_STANDARD = gnu17;
				GCC_DYNAMIC_NO_PIC = NO;
				GCC_NO_COMMON_BLOCKS = YES;
				GCC_OPTIMIZATION_LEVEL = 0;
				GCC_PREPROCESSOR_DEFINITIONS = (
					"DEBUG=1",
					"$(inherited)",
				);
				GCC_WARN_64_TO_32_BIT_CONVERSION = YES;
				GCC_WARN_ABOUT_RETURN_TYPE = YES_ERROR;
				GCC_WARN_UNDECLARED_SELECTOR = YES;
				GCC_WARN_UNINITIALIZED_AUTOS = YES_AGGRESSIVE;
				GCC_WARN_UNUSED_FUNCTION = YES;
				GCC_WARN_UNUSED_VARIABLE = YES;
				IPHONEOS_DEPLOYMENT_TARGET = 17.5;
				LOCALIZATION_PREFERS_STRING_CATALOGS = YES;
				MTL_ENABLE_DEBUG_INFO = INCLUDE_SOURCE;
				MTL_FAST_MATH = YES;
				ONLY_ACTIVE_ARCH = YES;
				SDKROOT = iphoneos;
				SWIFT_ACTIVE_COMPILATION_CONDITIONS = "DEBUG $(inherited)";
				SWIFT_OPTIMIZATION_LEVEL = "-Onone";
			};
			name = Debug;
		};
		644263FE2CEA4AF000041E0C /* Release */ = {
			isa = XCBuildConfiguration;
			buildSettings = {
				ALWAYS_SEARCH_USER_PATHS = NO;
				ASSETCATALOG_COMPILER_GENERATE_SWIFT_ASSET_SYMBOL_EXTENSIONS = YES;
				CLANG_ANALYZER_NONNULL = YES;
				CLANG_ANALYZER_NUMBER_OBJECT_CONVERSION = YES_AGGRESSIVE;
				CLANG_CXX_LANGUAGE_STANDARD = "gnu++20";
				CLANG_ENABLE_MODULES = YES;
				CLANG_ENABLE_OBJC_ARC = YES;
				CLANG_ENABLE_OBJC_WEAK = YES;
				CLANG_WARN_BLOCK_CAPTURE_AUTORELEASING = YES;
				CLANG_WARN_BOOL_CONVERSION = YES;
				CLANG_WARN_COMMA = YES;
				CLANG_WARN_CONSTANT_CONVERSION = YES;
				CLANG_WARN_DEPRECATED_OBJC_IMPLEMENTATIONS = YES;
				CLANG_WARN_DIRECT_OBJC_ISA_USAGE = YES_ERROR;
				CLANG_WARN_DOCUMENTATION_COMMENTS = YES;
				CLANG_WARN_EMPTY_BODY = YES;
				CLANG_WARN_ENUM_CONVERSION = YES;
				CLANG_WARN_INFINITE_RECURSION = YES;
				CLANG_WARN_INT_CONVERSION = YES;
				CLANG_WARN_NON_LITERAL_NULL_CONVERSION = YES;
				CLANG_WARN_OBJC_IMPLICIT_RETAIN_SELF = YES;
				CLANG_WARN_OBJC_LITERAL_CONVERSION = YES;
				CLANG_WARN_OBJC_ROOT_CLASS = YES_ERROR;
				CLANG_WARN_QUOTED_INCLUDE_IN_FRAMEWORK_HEADER = YES;
				CLANG_WARN_RANGE_LOOP_ANALYSIS = YES;
				CLANG_WARN_STRICT_PROTOTYPES = YES;
				CLANG_WARN_SUSPICIOUS_MOVE = YES;
				CLANG_WARN_UNGUARDED_AVAILABILITY = YES_AGGRESSIVE;
				CLANG_WARN_UNREACHABLE_CODE = YES;
				CLANG_WARN__DUPLICATE_METHOD_MATCH = YES;
				COPY_PHASE_STRIP = NO;
				DEBUG_INFORMATION_FORMAT = "dwarf-with-dsym";
				ENABLE_NS_ASSERTIONS = NO;
				ENABLE_STRICT_OBJC_MSGSEND = YES;
				ENABLE_USER_SCRIPT_SANDBOXING = YES;
				GCC_C_LANGUAGE_STANDARD = gnu17;
				GCC_NO_COMMON_BLOCKS = YES;
				GCC_WARN_64_TO_32_BIT_CONVERSION = YES;
				GCC_WARN_ABOUT_RETURN_TYPE = YES_ERROR;
				GCC_WARN_UNDECLARED_SELECTOR = YES;
				GCC_WARN_UNINITIALIZED_AUTOS = YES_AGGRESSIVE;
				GCC_WARN_UNUSED_FUNCTION = YES;
				GCC_WARN_UNUSED_VARIABLE = YES;
				IPHONEOS_DEPLOYMENT_TARGET = 17.5;
				LOCALIZATION_PREFERS_STRING_CATALOGS = YES;
				MTL_ENABLE_DEBUG_INFO = NO;
				MTL_FAST_MATH = YES;
				SDKROOT = iphoneos;
				SWIFT_COMPILATION_MODE = wholemodule;
				VALIDATE_PRODUCT = YES;
			};
			name = Release;
		};
		644264002CEA4AF000041E0C /* Debug */ = {
			isa = XCBuildConfiguration;
			buildSettings = {
				ASSETCATALOG_COMPILER_APPICON_NAME = AppIcon;
				ASSETCATALOG_COMPILER_GLOBAL_ACCENT_COLOR_NAME = AccentColor;
				CODE_SIGN_STYLE = Automatic;
				CURRENT_PROJECT_VERSION = 1;
				DEVELOPMENT_ASSET_PATHS = "\"CurrencyConverterApp/Preview Content\"";
				DEVELOPMENT_TEAM = 68Q6L9T3C3;
				ENABLE_PREVIEWS = YES;
				GENERATE_INFOPLIST_FILE = YES;
				INFOPLIST_KEY_UIApplicationSceneManifest_Generation = YES;
				INFOPLIST_KEY_UIApplicationSupportsIndirectInputEvents = YES;
				INFOPLIST_KEY_UILaunchScreen_Generation = YES;
				INFOPLIST_KEY_UISupportedInterfaceOrientations_iPad = "UIInterfaceOrientationPortrait UIInterfaceOrientationPortraitUpsideDown UIInterfaceOrientationLandscapeLeft UIInterfaceOrientationLandscapeRight";
				INFOPLIST_KEY_UISupportedInterfaceOrientations_iPhone = "UIInterfaceOrientationPortrait UIInterfaceOrientationLandscapeLeft UIInterfaceOrientationLandscapeRight";
				LD_RUNPATH_SEARCH_PATHS = (
					"$(inherited)",
					"@executable_path/Frameworks",
				);
				MARKETING_VERSION = 1.0;
				PRODUCT_BUNDLE_IDENTIFIER = sa.hoang.CurrencyConverterApp;
				PRODUCT_NAME = "$(TARGET_NAME)";
				SWIFT_EMIT_LOC_STRINGS = YES;
				SWIFT_VERSION = 5.0;
				TARGETED_DEVICE_FAMILY = "1,2";
			};
			name = Debug;
		};
		644264012CEA4AF000041E0C /* Release */ = {
			isa = XCBuildConfiguration;
			buildSettings = {
				ASSETCATALOG_COMPILER_APPICON_NAME = AppIcon;
				ASSETCATALOG_COMPILER_GLOBAL_ACCENT_COLOR_NAME = AccentColor;
				CODE_SIGN_STYLE = Automatic;
				CURRENT_PROJECT_VERSION = 1;
				DEVELOPMENT_ASSET_PATHS = "\"CurrencyConverterApp/Preview Content\"";
				DEVELOPMENT_TEAM = 68Q6L9T3C3;
				ENABLE_PREVIEWS = YES;
				GENERATE_INFOPLIST_FILE = YES;
				INFOPLIST_KEY_UIApplicationSceneManifest_Generation = YES;
				INFOPLIST_KEY_UIApplicationSupportsIndirectInputEvents = YES;
				INFOPLIST_KEY_UILaunchScreen_Generation = YES;
				INFOPLIST_KEY_UISupportedInterfaceOrientations_iPad = "UIInterfaceOrientationPortrait UIInterfaceOrientationPortraitUpsideDown UIInterfaceOrientationLandscapeLeft UIInterfaceOrientationLandscapeRight";
				INFOPLIST_KEY_UISupportedInterfaceOrientations_iPhone = "UIInterfaceOrientationPortrait UIInterfaceOrientationLandscapeLeft UIInterfaceOrientationLandscapeRight";
				LD_RUNPATH_SEARCH_PATHS = (
					"$(inherited)",
					"@executable_path/Frameworks",
				);
				MARKETING_VERSION = 1.0;
				PRODUCT_BUNDLE_IDENTIFIER = sa.hoang.CurrencyConverterApp;
				PRODUCT_NAME = "$(TARGET_NAME)";
				SWIFT_EMIT_LOC_STRINGS = YES;
				SWIFT_VERSION = 5.0;
				TARGETED_DEVICE_FAMILY = "1,2";
			};
			name = Release;
		};
		646461AD2CEB0ED2005E157F /* Debug */ = {
			isa = XCBuildConfiguration;
			buildSettings = {
				BUNDLE_LOADER = "$(TEST_HOST)";
				CODE_SIGN_STYLE = Automatic;
				CURRENT_PROJECT_VERSION = 1;
				DEVELOPMENT_TEAM = 68Q6L9T3C3;
				GENERATE_INFOPLIST_FILE = YES;
				MARKETING_VERSION = 1.0;
				PRODUCT_BUNDLE_IDENTIFIER = sa.hoang.CurrencyConverterAppTests;
				PRODUCT_NAME = "$(TARGET_NAME)";
				SWIFT_EMIT_LOC_STRINGS = NO;
				SWIFT_VERSION = 5.0;
				TARGETED_DEVICE_FAMILY = "1,2";
				TEST_HOST = "$(BUILT_PRODUCTS_DIR)/CurrencyConverterApp.app/$(BUNDLE_EXECUTABLE_FOLDER_PATH)/CurrencyConverterApp";
			};
			name = Debug;
		};
		646461AE2CEB0ED2005E157F /* Release */ = {
			isa = XCBuildConfiguration;
			buildSettings = {
				BUNDLE_LOADER = "$(TEST_HOST)";
				CODE_SIGN_STYLE = Automatic;
				CURRENT_PROJECT_VERSION = 1;
				DEVELOPMENT_TEAM = 68Q6L9T3C3;
				GENERATE_INFOPLIST_FILE = YES;
				MARKETING_VERSION = 1.0;
				PRODUCT_BUNDLE_IDENTIFIER = sa.hoang.CurrencyConverterAppTests;
				PRODUCT_NAME = "$(TARGET_NAME)";
				SWIFT_EMIT_LOC_STRINGS = NO;
				SWIFT_VERSION = 5.0;
				TARGETED_DEVICE_FAMILY = "1,2";
				TEST_HOST = "$(BUILT_PRODUCTS_DIR)/CurrencyConverterApp.app/$(BUNDLE_EXECUTABLE_FOLDER_PATH)/CurrencyConverterApp";
			};
			name = Release;
		};
		646461BB2CEB0F11005E157F /* Debug */ = {
			isa = XCBuildConfiguration;
			buildSettings = {
				BUNDLE_LOADER = "$(TEST_HOST)";
				CODE_SIGN_STYLE = Automatic;
				CURRENT_PROJECT_VERSION = 1;
				DEVELOPMENT_TEAM = 68Q6L9T3C3;
				GENERATE_INFOPLIST_FILE = YES;
				MARKETING_VERSION = 1.0;
				PRODUCT_BUNDLE_IDENTIFIER = sa.hoang.NetworkServiceTests;
				PRODUCT_NAME = "$(TARGET_NAME)";
				SWIFT_EMIT_LOC_STRINGS = NO;
				SWIFT_VERSION = 5.0;
				TARGETED_DEVICE_FAMILY = "1,2";
				TEST_HOST = "$(BUILT_PRODUCTS_DIR)/CurrencyConverterApp.app/$(BUNDLE_EXECUTABLE_FOLDER_PATH)/CurrencyConverterApp";
			};
			name = Debug;
		};
		646461BC2CEB0F11005E157F /* Release */ = {
			isa = XCBuildConfiguration;
			buildSettings = {
				BUNDLE_LOADER = "$(TEST_HOST)";
				CODE_SIGN_STYLE = Automatic;
				CURRENT_PROJECT_VERSION = 1;
				DEVELOPMENT_TEAM = 68Q6L9T3C3;
				GENERATE_INFOPLIST_FILE = YES;
				MARKETING_VERSION = 1.0;
				PRODUCT_BUNDLE_IDENTIFIER = sa.hoang.NetworkServiceTests;
				PRODUCT_NAME = "$(TARGET_NAME)";
				SWIFT_EMIT_LOC_STRINGS = NO;
				SWIFT_VERSION = 5.0;
				TARGETED_DEVICE_FAMILY = "1,2";
				TEST_HOST = "$(BUILT_PRODUCTS_DIR)/CurrencyConverterApp.app/$(BUNDLE_EXECUTABLE_FOLDER_PATH)/CurrencyConverterApp";
			};
			name = Release;
		};
/* End XCBuildConfiguration section */

/* Begin XCConfigurationList section */
		644263EC2CEA4AEE00041E0C /* Build configuration list for PBXProject "CurrencyConverterApp" */ = {
			isa = XCConfigurationList;
			buildConfigurations = (
				644263FD2CEA4AF000041E0C /* Debug */,
				644263FE2CEA4AF000041E0C /* Release */,
			);
			defaultConfigurationIsVisible = 0;
			defaultConfigurationName = Release;
		};
		644263FF2CEA4AF000041E0C /* Build configuration list for PBXNativeTarget "CurrencyConverterApp" */ = {
			isa = XCConfigurationList;
			buildConfigurations = (
				644264002CEA4AF000041E0C /* Debug */,
				644264012CEA4AF000041E0C /* Release */,
			);
			defaultConfigurationIsVisible = 0;
			defaultConfigurationName = Release;
		};
		646461AF2CEB0ED2005E157F /* Build configuration list for PBXNativeTarget "CurrencyConverterAppTests" */ = {
			isa = XCConfigurationList;
			buildConfigurations = (
				646461AD2CEB0ED2005E157F /* Debug */,
				646461AE2CEB0ED2005E157F /* Release */,
			);
			defaultConfigurationIsVisible = 0;
			defaultConfigurationName = Release;
		};
		646461BA2CEB0F11005E157F /* Build configuration list for PBXNativeTarget "NetworkServiceTests" */ = {
			isa = XCConfigurationList;
			buildConfigurations = (
				646461BB2CEB0F11005E157F /* Debug */,
				646461BC2CEB0F11005E157F /* Release */,
			);
			defaultConfigurationIsVisible = 0;
			defaultConfigurationName = Release;
		};
/* End XCConfigurationList section */
	};
	rootObject = 644263E92CEA4AEE00041E0C /* Project object */;
}
